
Microsoft Visual Studio Solution File, Format Version 12.00
# Visual Studio 15
VisualStudioVersion = 15.0.26730.16
MinimumVisualStudioVersion = 10.0.40219.1
Project("{FAE04EC0-301F-11D3-BF4B-00C04F79EFBC}") = "ContactsManager", "ContactsManager\ContactsManager.csproj", "{C7380F1F-8ACC-4BEE-860A-8FB003863596}"
EndProject
Global
	GlobalSection(SolutionConfigurationPlatforms) = preSolution
		Debug|Any CPU = Debug|Any CPU
		Release|Any CPU = Release|Any CPU
	EndGlobalSection
	GlobalSection(ProjectConfigurationPlatforms) = postSolution
		{C7380F1F-8ACC-4BEE-860A-8FB003863596}.Debug|Any CPU.ActiveCfg = Debug|Any CPU
		{C7380F1F-8ACC-4BEE-860A-8FB003863596}.Debug|Any CPU.Build.0 = Debug|Any CPU
		{C7380F1F-8ACC-4BEE-860A-8FB003863596}.Release|Any CPU.ActiveCfg = Release|Any CPU
		{C7380F1F-8ACC-4BEE-860A-8FB003863596}.Release|Any CPU.Build.0 = Release|Any CPU
	EndGlobalSection
	GlobalSection(SolutionProperties) = preSolution
		HideSolutionNode = FALSE
	EndGlobalSection
	GlobalSection(ExtensibilityGlobals) = postSolution
		SolutionGuid = {89E87775-7CD8-4051-888B-5E6CDF29B11A}
	EndGlobalSection
EndGlobal
